
Microsoft Visual Studio Solution File, Format Version 12.00
# Visual Studio Version 17
VisualStudioVersion = 17.10.35122.118
MinimumVisualStudioVersion = 10.0.40219.1
Project("{FAE04EC0-301F-11D3-BF4B-00C04F79EFBC}") = "WebApp.V1", "WebApp.V1\WebApp.V1.csproj", "{71D7DACB-3778-4C52-B373-4ACC8525EE8D}"
EndProject
Project("{FAE04EC0-301F-11D3-BF4B-00C04F79EFBC}") = "Domain", "Domain\Domain.csproj", "{5AB00227-37C0-4B1C-AFBA-3CEEB3ADB817}"
EndProject
Project("{FAE04EC0-301F-11D3-BF4B-00C04F79EFBC}") = "Infrastructure", "Infrastructure\Infrastructure.csproj", "{C6AEEC01-7D4D-4CA7-8990-31D4B60C5122}"
EndProject
Global
	GlobalSection(SolutionConfigurationPlatforms) = preSolution
		Debug|Any CPU = Debug|Any CPU
		Release|Any CPU = Release|Any CPU
	EndGlobalSection
	GlobalSection(ProjectConfigurationPlatforms) = postSolution
		{71D7DACB-3778-4C52-B373-4ACC8525EE8D}.Debug|Any CPU.ActiveCfg = Debug|Any CPU
		{71D7DACB-3778-4C52-B373-4ACC8525EE8D}.Debug|Any CPU.Build.0 = Debug|Any CPU
		{71D7DACB-3778-4C52-B373-4ACC8525EE8D}.Release|Any CPU.ActiveCfg = Release|Any CPU
		{71D7DACB-3778-4C52-B373-4ACC8525EE8D}.Release|Any CPU.Build.0 = Release|Any CPU
		{5AB00227-37C0-4B1C-AFBA-3CEEB3ADB817}.Debug|Any CPU.ActiveCfg = Debug|Any CPU
		{5AB00227-37C0-4B1C-AFBA-3CEEB3ADB817}.Debug|Any CPU.Build.0 = Debug|Any CPU
		{5AB00227-37C0-4B1C-AFBA-3CEEB3ADB817}.Release|Any CPU.ActiveCfg = Release|Any CPU
		{5AB00227-37C0-4B1C-AFBA-3CEEB3ADB817}.Release|Any CPU.Build.0 = Release|Any CPU
		{C6AEEC01-7D4D-4CA7-8990-31D4B60C5122}.Debug|Any CPU.ActiveCfg = Debug|Any CPU
		{C6AEEC01-7D4D-4CA7-8990-31D4B60C5122}.Debug|Any CPU.Build.0 = Debug|Any CPU
		{C6AEEC01-7D4D-4CA7-8990-31D4B60C5122}.Release|Any CPU.ActiveCfg = Release|Any CPU
		{C6AEEC01-7D4D-4CA7-8990-31D4B60C5122}.Release|Any CPU.Build.0 = Release|Any CPU
	EndGlobalSection
	GlobalSection(SolutionProperties) = preSolution
		HideSolutionNode = FALSE
	EndGlobalSection
	GlobalSection(ExtensibilityGlobals) = postSolution
		SolutionGuid = {87BF9741-88C7-4485-ACF1-6444A7372464}
	EndGlobalSection
EndGlobal
