
Microsoft Visual Studio Solution File, Format Version 12.00
# Visual Studio Version 17
VisualStudioVersion = 17.10.35122.118
MinimumVisualStudioVersion = 10.0.40219.1
Project("{9A19103F-16F7-4668-BE54-9A1E7A4F7556}") = "Presentation", "WebApp.V2\Presentation.csproj", "{1A4B30E4-90C1-4275-87E3-DB775F075BEB}"
EndProject
Project("{9A19103F-16F7-4668-BE54-9A1E7A4F7556}") = "Domain", "Domain\Domain.csproj", "{A226EC49-3248-407D-9F40-30CE2EA9E1D9}"
EndProject
Project("{9A19103F-16F7-4668-BE54-9A1E7A4F7556}") = "Infrastructure", "Infrastructure\Infrastructure.csproj", "{C2BA2B4C-170E-4685-8356-E40721D51208}"
EndProject
Project("{9A19103F-16F7-4668-BE54-9A1E7A4F7556}") = "Application", "Application\Application.csproj", "{9F7105F4-556B-4BFB-9B2F-B4D6F2C640E8}"
EndProject
Global
	GlobalSection(SolutionConfigurationPlatforms) = preSolution
		Debug|Any CPU = Debug|Any CPU
		Release|Any CPU = Release|Any CPU
	EndGlobalSection
	GlobalSection(ProjectConfigurationPlatforms) = postSolution
		{1A4B30E4-90C1-4275-87E3-DB775F075BEB}.Debug|Any CPU.ActiveCfg = Debug|Any CPU
		{1A4B30E4-90C1-4275-87E3-DB775F075BEB}.Debug|Any CPU.Build.0 = Debug|Any CPU
		{1A4B30E4-90C1-4275-87E3-DB775F075BEB}.Release|Any CPU.ActiveCfg = Release|Any CPU
		{1A4B30E4-90C1-4275-87E3-DB775F075BEB}.Release|Any CPU.Build.0 = Release|Any CPU
		{A226EC49-3248-407D-9F40-30CE2EA9E1D9}.Debug|Any CPU.ActiveCfg = Debug|Any CPU
		{A226EC49-3248-407D-9F40-30CE2EA9E1D9}.Debug|Any CPU.Build.0 = Debug|Any CPU
		{A226EC49-3248-407D-9F40-30CE2EA9E1D9}.Release|Any CPU.ActiveCfg = Release|Any CPU
		{A226EC49-3248-407D-9F40-30CE2EA9E1D9}.Release|Any CPU.Build.0 = Release|Any CPU
		{C2BA2B4C-170E-4685-8356-E40721D51208}.Debug|Any CPU.ActiveCfg = Debug|Any CPU
		{C2BA2B4C-170E-4685-8356-E40721D51208}.Debug|Any CPU.Build.0 = Debug|Any CPU
		{C2BA2B4C-170E-4685-8356-E40721D51208}.Release|Any CPU.ActiveCfg = Release|Any CPU
		{C2BA2B4C-170E-4685-8356-E40721D51208}.Release|Any CPU.Build.0 = Release|Any CPU
		{9F7105F4-556B-4BFB-9B2F-B4D6F2C640E8}.Debug|Any CPU.ActiveCfg = Debug|Any CPU
		{9F7105F4-556B-4BFB-9B2F-B4D6F2C640E8}.Debug|Any CPU.Build.0 = Debug|Any CPU
		{9F7105F4-556B-4BFB-9B2F-B4D6F2C640E8}.Release|Any CPU.ActiveCfg = Release|Any CPU
		{9F7105F4-556B-4BFB-9B2F-B4D6F2C640E8}.Release|Any CPU.Build.0 = Release|Any CPU
	EndGlobalSection
	GlobalSection(SolutionProperties) = preSolution
		HideSolutionNode = FALSE
	EndGlobalSection
	GlobalSection(ExtensibilityGlobals) = postSolution
		SolutionGuid = {E5813D59-BBF2-4682-8E43-B629736969C0}
	EndGlobalSection
EndGlobal
